
Microsoft Visual Studio Solution File, Format Version 12.00
# Visual Studio Version 17
VisualStudioVersion = 17.2.32630.192
MinimumVisualStudioVersion = 10.0.40219.1
Project("{2150E333-8FDC-42A3-9474-1A3956D46DE8}") = "src", "src", "{F5BF63EA-7BF5-4CCB-A962-45B28DDE0AF2}"
EndProject
Project("{2150E333-8FDC-42A3-9474-1A3956D46DE8}") = "Shared", "Shared", "{2321493E-39BE-4642-96CA-2430AB93C0EB}"
EndProject
Project("{9A19103F-16F7-4668-BE54-9A1E7A4F7556}") = "Warehouse.Shared", "Warehouse.Shared\Warehouse.Shared.csproj", "{7C83617C-57BA-4C7C-810B-D4D9152A942C}"
EndProject
Project("{9A19103F-16F7-4668-BE54-9A1E7A4F7556}") = "Warehouse.Shared.Abstractions", "Warehouse.Shared.Abstractions\Warehouse.Shared.Abstractions.csproj", "{95A38B3C-856F-4596-B168-1E069D977013}"
EndProject
Project("{9A19103F-16F7-4668-BE54-9A1E7A4F7556}") = "Warehouse.Infrastructure", "Warehouse.Infrastructure\Warehouse.Infrastructure.csproj", "{88A17E9D-C091-44CB-A6DC-9B1F01B5C8C1}"
EndProject
Project("{9A19103F-16F7-4668-BE54-9A1E7A4F7556}") = "Warehouse.Domain", "Warehouse.Domain\Warehouse.Domain.csproj", "{5ABE3205-7AAE-44BE-97AD-16AA27E81A64}"
EndProject
Project("{9A19103F-16F7-4668-BE54-9A1E7A4F7556}") = "Warehouse.Application", "Warehouse.Application\Warehouse.Application.csproj", "{5C3330EE-39F6-4D04-A662-DB8592C2A952}"
EndProject
Project("{9A19103F-16F7-4668-BE54-9A1E7A4F7556}") = "Warehouse.Api", "Warehouse.Api\Warehouse.Api.csproj", "{3F4E3EE5-6AE2-49F3-9329-7CC337F8CFE3}"
EndProject
Project("{2150E333-8FDC-42A3-9474-1A3956D46DE8}") = "tests", "tests", "{533EE04F-4488-43AB-A064-FF28BDD9FA59}"
EndProject
Project("{FAE04EC0-301F-11D3-BF4B-00C04F79EFBC}") = "Warehouse.UnitTests", "Warehouse.UnitTests\Warehouse.UnitTests.csproj", "{3A6DBAB2-A691-4E97-ADFE-E88CE4B5EBC9}"
EndProject
Global
	GlobalSection(SolutionConfigurationPlatforms) = preSolution
		Debug|Any CPU = Debug|Any CPU
		Release|Any CPU = Release|Any CPU
	EndGlobalSection
	GlobalSection(ProjectConfigurationPlatforms) = postSolution
		{7C83617C-57BA-4C7C-810B-D4D9152A942C}.Debug|Any CPU.ActiveCfg = Debug|Any CPU
		{7C83617C-57BA-4C7C-810B-D4D9152A942C}.Debug|Any CPU.Build.0 = Debug|Any CPU
		{7C83617C-57BA-4C7C-810B-D4D9152A942C}.Release|Any CPU.ActiveCfg = Release|Any CPU
		{7C83617C-57BA-4C7C-810B-D4D9152A942C}.Release|Any CPU.Build.0 = Release|Any CPU
		{95A38B3C-856F-4596-B168-1E069D977013}.Debug|Any CPU.ActiveCfg = Debug|Any CPU
		{95A38B3C-856F-4596-B168-1E069D977013}.Debug|Any CPU.Build.0 = Debug|Any CPU
		{95A38B3C-856F-4596-B168-1E069D977013}.Release|Any CPU.ActiveCfg = Release|Any CPU
		{95A38B3C-856F-4596-B168-1E069D977013}.Release|Any CPU.Build.0 = Release|Any CPU
		{88A17E9D-C091-44CB-A6DC-9B1F01B5C8C1}.Debug|Any CPU.ActiveCfg = Debug|Any CPU
		{88A17E9D-C091-44CB-A6DC-9B1F01B5C8C1}.Debug|Any CPU.Build.0 = Debug|Any CPU
		{88A17E9D-C091-44CB-A6DC-9B1F01B5C8C1}.Release|Any CPU.ActiveCfg = Release|Any CPU
		{88A17E9D-C091-44CB-A6DC-9B1F01B5C8C1}.Release|Any CPU.Build.0 = Release|Any CPU
		{5ABE3205-7AAE-44BE-97AD-16AA27E81A64}.Debug|Any CPU.ActiveCfg = Debug|Any CPU
		{5ABE3205-7AAE-44BE-97AD-16AA27E81A64}.Debug|Any CPU.Build.0 = Debug|Any CPU
		{5ABE3205-7AAE-44BE-97AD-16AA27E81A64}.Release|Any CPU.ActiveCfg = Release|Any CPU
		{5ABE3205-7AAE-44BE-97AD-16AA27E81A64}.Release|Any CPU.Build.0 = Release|Any CPU
		{5C3330EE-39F6-4D04-A662-DB8592C2A952}.Debug|Any CPU.ActiveCfg = Debug|Any CPU
		{5C3330EE-39F6-4D04-A662-DB8592C2A952}.Debug|Any CPU.Build.0 = Debug|Any CPU
		{5C3330EE-39F6-4D04-A662-DB8592C2A952}.Release|Any CPU.ActiveCfg = Release|Any CPU
		{5C3330EE-39F6-4D04-A662-DB8592C2A952}.Release|Any CPU.Build.0 = Release|Any CPU
		{3F4E3EE5-6AE2-49F3-9329-7CC337F8CFE3}.Debug|Any CPU.ActiveCfg = Debug|Any CPU
		{3F4E3EE5-6AE2-49F3-9329-7CC337F8CFE3}.Debug|Any CPU.Build.0 = Debug|Any CPU
		{3F4E3EE5-6AE2-49F3-9329-7CC337F8CFE3}.Release|Any CPU.ActiveCfg = Release|Any CPU
		{3F4E3EE5-6AE2-49F3-9329-7CC337F8CFE3}.Release|Any CPU.Build.0 = Release|Any CPU
		{3A6DBAB2-A691-4E97-ADFE-E88CE4B5EBC9}.Debug|Any CPU.ActiveCfg = Debug|Any CPU
		{3A6DBAB2-A691-4E97-ADFE-E88CE4B5EBC9}.Debug|Any CPU.Build.0 = Debug|Any CPU
		{3A6DBAB2-A691-4E97-ADFE-E88CE4B5EBC9}.Release|Any CPU.ActiveCfg = Release|Any CPU
		{3A6DBAB2-A691-4E97-ADFE-E88CE4B5EBC9}.Release|Any CPU.Build.0 = Release|Any CPU
	EndGlobalSection
	GlobalSection(SolutionProperties) = preSolution
		HideSolutionNode = FALSE
	EndGlobalSection
	GlobalSection(NestedProjects) = preSolution
		{2321493E-39BE-4642-96CA-2430AB93C0EB} = {F5BF63EA-7BF5-4CCB-A962-45B28DDE0AF2}
		{7C83617C-57BA-4C7C-810B-D4D9152A942C} = {2321493E-39BE-4642-96CA-2430AB93C0EB}
		{95A38B3C-856F-4596-B168-1E069D977013} = {2321493E-39BE-4642-96CA-2430AB93C0EB}
		{88A17E9D-C091-44CB-A6DC-9B1F01B5C8C1} = {F5BF63EA-7BF5-4CCB-A962-45B28DDE0AF2}
		{5ABE3205-7AAE-44BE-97AD-16AA27E81A64} = {F5BF63EA-7BF5-4CCB-A962-45B28DDE0AF2}
		{5C3330EE-39F6-4D04-A662-DB8592C2A952} = {F5BF63EA-7BF5-4CCB-A962-45B28DDE0AF2}
		{3F4E3EE5-6AE2-49F3-9329-7CC337F8CFE3} = {F5BF63EA-7BF5-4CCB-A962-45B28DDE0AF2}
		{3A6DBAB2-A691-4E97-ADFE-E88CE4B5EBC9} = {533EE04F-4488-43AB-A064-FF28BDD9FA59}
	EndGlobalSection
	GlobalSection(ExtensibilityGlobals) = postSolution
		SolutionGuid = {9BBDE4C7-D5D2-4BA8-BDDA-700B2F5998CB}
	EndGlobalSection
EndGlobal
